
Microsoft Visual Studio Solution File, Format Version 12.00
# Visual Studio Version 17
VisualStudioVersion = 17.8.34330.188
MinimumVisualStudioVersion = 10.0.40219.1
Project("{9A19103F-16F7-4668-BE54-9A1E7A4F7556}") = "OverloadControl", "OverloadControl\OverloadControl.csproj", "{2917005E-0EB8-4645-BD55-140AD433E008}"
EndProject
Project("{9A19103F-16F7-4668-BE54-9A1E7A4F7556}") = "OverloadControl.Models", "OverloadControl.Models\OverloadControl.Models.csproj", "{23B0E0E6-FC54-4B9F-BA89-3CE26509ECC8}"
EndProject
Project("{9A19103F-16F7-4668-BE54-9A1E7A4F7556}") = "OverloadControl.DataAccessor", "OverloadControl.DataAccessor\OverloadControl.DataAccessor.csproj", "{2B9BD22A-FC21-44F8-93E5-268BFAFD67AA}"
EndProject
Global
	GlobalSection(SolutionConfigurationPlatforms) = preSolution
		Debug|Any CPU = Debug|Any CPU
		Release|Any CPU = Release|Any CPU
	EndGlobalSection
	GlobalSection(ProjectConfigurationPlatforms) = postSolution
		{2917005E-0EB8-4645-BD55-140AD433E008}.Debug|Any CPU.ActiveCfg = Debug|Any CPU
		{2917005E-0EB8-4645-BD55-140AD433E008}.Debug|Any CPU.Build.0 = Debug|Any CPU
		{2917005E-0EB8-4645-BD55-140AD433E008}.Release|Any CPU.ActiveCfg = Release|Any CPU
		{2917005E-0EB8-4645-BD55-140AD433E008}.Release|Any CPU.Build.0 = Release|Any CPU
		{23B0E0E6-FC54-4B9F-BA89-3CE26509ECC8}.Debug|Any CPU.ActiveCfg = Debug|Any CPU
		{23B0E0E6-FC54-4B9F-BA89-3CE26509ECC8}.Debug|Any CPU.Build.0 = Debug|Any CPU
		{23B0E0E6-FC54-4B9F-BA89-3CE26509ECC8}.Release|Any CPU.ActiveCfg = Release|Any CPU
		{23B0E0E6-FC54-4B9F-BA89-3CE26509ECC8}.Release|Any CPU.Build.0 = Release|Any CPU
		{2B9BD22A-FC21-44F8-93E5-268BFAFD67AA}.Debug|Any CPU.ActiveCfg = Debug|Any CPU
		{2B9BD22A-FC21-44F8-93E5-268BFAFD67AA}.Debug|Any CPU.Build.0 = Debug|Any CPU
		{2B9BD22A-FC21-44F8-93E5-268BFAFD67AA}.Release|Any CPU.ActiveCfg = Release|Any CPU
		{2B9BD22A-FC21-44F8-93E5-268BFAFD67AA}.Release|Any CPU.Build.0 = Release|Any CPU
	EndGlobalSection
	GlobalSection(SolutionProperties) = preSolution
		HideSolutionNode = FALSE
	EndGlobalSection
	GlobalSection(ExtensibilityGlobals) = postSolution
		SolutionGuid = {F7329B5D-68AF-4322-A6AF-B9270E3FBA90}
	EndGlobalSection
EndGlobal
